github.com/go-gorp/gorp v2.0.0+incompatible h1:dIQPsBtl6/H1MjVseWuWPXa7ET4p6Dve4j3Hg+UjqYw=
github.com/go-gorp/gorp v2.0.0+incompatible/go.mod h1:7IfkAQnO7jfT/9IQ3R9wL1dFhukN6aQxzKTHnkxzA/E=
github.com/lib/pq v1.0.0/go.mod h1:5WUZQaWbwv1U+lTReE5YruASi9Al49XbQIvNi/34Woo=
github.com/proullon/ramsql v0.0.0-20211120092837-c8d0a408b939 h1:mtMU7aT8cTAyNL3O4RyOfe/OOUxwCN525SIbKQoUvw0=
github.com/proullon/ramsql v0.0.0-20211120092837-c8d0a408b939/go.mod h1:jG8oAQG0ZPHPyxg5QlMERS31airDC+ZuqiAe8DUvFVo=
